{
    "version": 3,
    "terraform_version": "0.11.11",
    "serial": 12,
    "lineage": "434c97ca-b0c6-9cfb-553f-c1141d9c52ff",
    "modules": [
        {
            "path": [
                "root"
            ],
            "outputs": {},
            "resources": {
                "aws_api_gateway_integration.integration-greet": {
                    "type": "aws_api_gateway_integration",
                    "depends_on": [
                        "aws_api_gateway_method.greeting",
                        "aws_api_gateway_resource.api-resource-greeting",
                        "aws_api_gateway_rest_api.api",
                        "aws_lambda_function.greeter-lambda"
                    ],
                    "primary": {
                        "id": "agi-e58239le50-2m4r7f-GET",
                        "attributes": {
                            "cache_key_parameters.#": "0",
                            "cache_namespace": "2m4r7f",
                            "connection_id": "",
                            "connection_type": "INTERNET",
                            "content_handling": "",
                            "credentials": "",
                            "http_method": "GET",
                            "id": "agi-e58239le50-2m4r7f-GET",
                            "integration_http_method": "POST",
                            "passthrough_behavior": "WHEN_NO_MATCH",
                            "request_parameters.%": "0",
                            "request_templates.%": "0",
                            "resource_id": "2m4r7f",
                            "rest_api_id": "e58239le50",
                            "timeout_milliseconds": "29000",
                            "type": "AWS_PROXY",
                            "uri": "arn:aws:apigateway:eu-west-1:lambda:path/2015-03-31/functions/arn:aws:lambda:eu-west-1:098982451613:function:tommyGreeterLamda/invocations"
                        },
                        "meta": {},
                        "tainted": false
                    },
                    "deposed": [],
                    "provider": "provider.aws"
                },
                "aws_api_gateway_integration.integration-names": {
                    "type": "aws_api_gateway_integration",
                    "depends_on": [
                        "aws_api_gateway_method.get-names",
                        "aws_api_gateway_resource.api-resource-names",
                        "aws_api_gateway_rest_api.api",
                        "aws_lambda_function.get-all-names"
                    ],
                    "primary": {
                        "id": "agi-e58239le50-7hhbd4-GET",
                        "attributes": {
                            "cache_key_parameters.#": "0",
                            "cache_namespace": "7hhbd4",
                            "connection_id": "",
                            "connection_type": "INTERNET",
                            "content_handling": "",
                            "credentials": "",
                            "http_method": "GET",
                            "id": "agi-e58239le50-7hhbd4-GET",
                            "integration_http_method": "POST",
                            "passthrough_behavior": "WHEN_NO_MATCH",
                            "request_parameters.%": "0",
                            "request_templates.%": "0",
                            "resource_id": "7hhbd4",
                            "rest_api_id": "e58239le50",
                            "timeout_milliseconds": "29000",
                            "type": "AWS_PROXY",
                            "uri": "arn:aws:apigateway:eu-west-1:lambda:path/2015-03-31/functions/arn:aws:lambda:eu-west-1:098982451613:function:getAllNamesLambda/invocations"
                        },
                        "meta": {},
                        "tainted": false
                    },
                    "deposed": [],
                    "provider": "provider.aws"
                },
                "aws_api_gateway_method.get-names": {
                    "type": "aws_api_gateway_method",
                    "depends_on": [
                        "aws_api_gateway_resource.api-resource-names",
                        "aws_api_gateway_rest_api.api"
                    ],
                    "primary": {
                        "id": "agm-e58239le50-7hhbd4-GET",
                        "attributes": {
                            "api_key_required": "false",
                            "authorization": "NONE",
                            "authorization_scopes.#": "0",
                            "authorizer_id": "",
                            "http_method": "GET",
                            "id": "agm-e58239le50-7hhbd4-GET",
                            "request_models.%": "0",
                            "request_parameters.%": "0",
                            "request_validator_id": "",
                            "resource_id": "7hhbd4",
                            "rest_api_id": "e58239le50"
                        },
                        "meta": {},
                        "tainted": false
                    },
                    "deposed": [],
                    "provider": "provider.aws"
                },
                "aws_api_gateway_method.greeting": {
                    "type": "aws_api_gateway_method",
                    "depends_on": [
                        "aws_api_gateway_resource.api-resource-greeting",
                        "aws_api_gateway_rest_api.api"
                    ],
                    "primary": {
                        "id": "agm-e58239le50-2m4r7f-GET",
                        "attributes": {
                            "api_key_required": "false",
                            "authorization": "NONE",
                            "authorization_scopes.#": "0",
                            "authorizer_id": "",
                            "http_method": "GET",
                            "id": "agm-e58239le50-2m4r7f-GET",
                            "request_models.%": "0",
                            "request_parameters.%": "0",
                            "request_validator_id": "",
                            "resource_id": "2m4r7f",
                            "rest_api_id": "e58239le50"
                        },
                        "meta": {},
                        "tainted": false
                    },
                    "deposed": [],
                    "provider": "provider.aws"
                },
                "aws_api_gateway_resource.api-resource-greeting": {
                    "type": "aws_api_gateway_resource",
                    "depends_on": [
                        "aws_api_gateway_rest_api.api"
                    ],
                    "primary": {
                        "id": "2m4r7f",
                        "attributes": {
                            "id": "2m4r7f",
                            "parent_id": "w9t4i2zpd3",
                            "path": "/greetings",
                            "path_part": "greetings",
                            "rest_api_id": "e58239le50"
                        },
                        "meta": {},
                        "tainted": false
                    },
                    "deposed": [],
                    "provider": "provider.aws"
                },
                "aws_api_gateway_resource.api-resource-names": {
                    "type": "aws_api_gateway_resource",
                    "depends_on": [
                        "aws_api_gateway_rest_api.api"
                    ],
                    "primary": {
                        "id": "7hhbd4",
                        "attributes": {
                            "id": "7hhbd4",
                            "parent_id": "w9t4i2zpd3",
                            "path": "/names",
                            "path_part": "names",
                            "rest_api_id": "e58239le50"
                        },
                        "meta": {},
                        "tainted": false
                    },
                    "deposed": [],
                    "provider": "provider.aws"
                },
                "aws_api_gateway_rest_api.api": {
                    "type": "aws_api_gateway_rest_api",
                    "depends_on": [],
                    "primary": {
                        "id": "e58239le50",
                        "attributes": {
                            "api_key_source": "HEADER",
                            "binary_media_types.#": "0",
                            "created_date": "2019-01-14T11:01:28Z",
                            "description": "",
                            "endpoint_configuration.#": "1",
                            "endpoint_configuration.0.types.#": "1",
                            "endpoint_configuration.0.types.0": "EDGE",
                            "execution_arn": "arn:aws:execute-api:eu-west-1:098982451613:e58239le50",
                            "id": "e58239le50",
                            "minimum_compression_size": "-1",
                            "name": "tommyGreeterApi",
                            "policy": "",
                            "root_resource_id": "w9t4i2zpd3"
                        },
                        "meta": {},
                        "tainted": false
                    },
                    "deposed": [],
                    "provider": "provider.aws"
                },
                "aws_dynamodb_table.names": {
                    "type": "aws_dynamodb_table",
                    "depends_on": [],
                    "primary": {
                        "id": "names",
                        "attributes": {
                            "arn": "arn:aws:dynamodb:eu-west-1:098982451613:table/names",
                            "attribute.#": "1",
                            "attribute.2128623027.name": "name",
                            "attribute.2128623027.type": "S",
                            "billing_mode": "PROVISIONED",
                            "global_secondary_index.#": "0",
                            "hash_key": "name",
                            "id": "names",
                            "local_secondary_index.#": "0",
                            "name": "names",
                            "point_in_time_recovery.#": "1",
                            "point_in_time_recovery.0.enabled": "false",
                            "read_capacity": "2",
                            "server_side_encryption.#": "0",
                            "stream_arn": "",
                            "stream_enabled": "false",
                            "stream_label": "",
                            "stream_view_type": "",
                            "tags.%": "0",
                            "ttl.#": "0",
                            "write_capacity": "2"
                        },
                        "meta": {
                            "e2bfb730-ecaa-11e6-8f88-34363bc7c4c0": {
                                "create": 600000000000,
                                "delete": 600000000000,
                                "update": 600000000000
                            },
                            "schema_version": "1"
                        },
                        "tainted": false
                    },
                    "deposed": [],
                    "provider": "provider.aws"
                },
                "aws_iam_role.lambda": {
                    "type": "aws_iam_role",
                    "depends_on": [
                        "data.aws_iam_policy_document.lambda-assume-role"
                    ],
                    "primary": {
                        "id": "tommyGreeterRole",
                        "attributes": {
                            "arn": "arn:aws:iam::098982451613:role/tommyGreeterRole",
                            "assume_role_policy": "{\"Version\":\"2012-10-17\",\"Statement\":[{\"Sid\":\"\",\"Effect\":\"Allow\",\"Principal\":{\"Service\":\"lambda.amazonaws.com\"},\"Action\":\"sts:AssumeRole\"}]}",
                            "create_date": "2019-01-14T11:01:28Z",
                            "description": "",
                            "force_detach_policies": "false",
                            "id": "tommyGreeterRole",
                            "max_session_duration": "3600",
                            "name": "tommyGreeterRole",
                            "path": "/",
                            "tags.%": "0",
                            "unique_id": "AROAJKNLKAPOVPXEN2KLK"
                        },
                        "meta": {},
                        "tainted": false
                    },
                    "deposed": [],
                    "provider": "provider.aws"
                },
                "aws_iam_role_policy.lambda-cloudwatch-log-group": {
                    "type": "aws_iam_role_policy",
                    "depends_on": [
                        "aws_iam_role.lambda",
                        "data.aws_iam_policy_document.cloudwatch-log-group-lambda"
                    ],
                    "primary": {
                        "id": "tommyGreeterRole:tommy-cloudwatch-log-group",
                        "attributes": {
                            "id": "tommyGreeterRole:tommy-cloudwatch-log-group",
                            "name": "tommy-cloudwatch-log-group",
                            "policy": "{\n  \"Version\": \"2012-10-17\",\n  \"Statement\": [\n    {\n      \"Sid\": \"\",\n      \"Effect\": \"Allow\",\n      \"Action\": [\n        \"logs:PutLogEvents\",\n        \"logs:CreateLogStream\",\n        \"logs:CreateLogGroup\"\n      ],\n      \"Resource\": \"arn:aws:logs:::*\"\n    }\n  ]\n}",
                            "role": "tommyGreeterRole"
                        },
                        "meta": {},
                        "tainted": false
                    },
                    "deposed": [],
                    "provider": "provider.aws"
                },
                "aws_iam_role_policy_attachment.dynamoDBAccess": {
                    "type": "aws_iam_role_policy_attachment",
                    "depends_on": [
                        "aws_iam_role.lambda"
                    ],
                    "primary": {
                        "id": "tommyGreeterRole-20190114110131013300000001",
                        "attributes": {
                            "id": "tommyGreeterRole-20190114110131013300000001",
                            "policy_arn": "arn:aws:iam::aws:policy/AmazonDynamoDBFullAccess",
                            "role": "tommyGreeterRole"
                        },
                        "meta": {},
                        "tainted": false
                    },
                    "deposed": [],
                    "provider": "provider.aws"
                },
                "aws_lambda_function.get-all-names": {
                    "type": "aws_lambda_function",
                    "depends_on": [
                        "aws_iam_role.lambda",
                        "data.archive_file.lambda"
                    ],
                    "primary": {
                        "id": "getAllNamesLambda",
                        "attributes": {
                            "arn": "arn:aws:lambda:eu-west-1:098982451613:function:getAllNamesLambda",
                            "dead_letter_config.#": "0",
                            "description": "",
                            "environment.#": "0",
                            "filename": "lambda.zip",
                            "function_name": "getAllNamesLambda",
                            "handler": "lambda.getAllNames",
                            "id": "getAllNamesLambda",
                            "invoke_arn": "arn:aws:apigateway:eu-west-1:lambda:path/2015-03-31/functions/arn:aws:lambda:eu-west-1:098982451613:function:getAllNamesLambda/invocations",
                            "kms_key_arn": "",
                            "last_modified": "2019-01-14T11:11:45.306+0000",
                            "memory_size": "128",
                            "publish": "false",
                            "qualified_arn": "arn:aws:lambda:eu-west-1:098982451613:function:getAllNamesLambda:$LATEST",
                            "reserved_concurrent_executions": "0",
                            "role": "arn:aws:iam::098982451613:role/tommyGreeterRole",
                            "runtime": "nodejs6.10",
                            "source_code_hash": "WHcgRwhw/tVuhtXHR9mRc7bF2NCvrjqxA2JAS73wxRE=",
                            "source_code_size": "490",
                            "tags.%": "0",
                            "timeout": "3",
                            "tracing_config.#": "1",
                            "tracing_config.0.mode": "PassThrough",
                            "version": "$LATEST",
                            "vpc_config.#": "0"
                        },
                        "meta": {
                            "e2bfb730-ecaa-11e6-8f88-34363bc7c4c0": {
                                "create": 600000000000
                            }
                        },
                        "tainted": false
                    },
                    "deposed": [],
                    "provider": "provider.aws"
                },
                "aws_lambda_function.greeter-lambda": {
                    "type": "aws_lambda_function",
                    "depends_on": [
                        "aws_iam_role.lambda",
                        "data.archive_file.lambda"
                    ],
                    "primary": {
                        "id": "tommyGreeterLamda",
                        "attributes": {
                            "arn": "arn:aws:lambda:eu-west-1:098982451613:function:tommyGreeterLamda",
                            "dead_letter_config.#": "0",
                            "description": "",
                            "environment.#": "0",
                            "filename": "lambda.zip",
                            "function_name": "tommyGreeterLamda",
                            "handler": "lambda.handler",
                            "id": "tommyGreeterLamda",
                            "invoke_arn": "arn:aws:apigateway:eu-west-1:lambda:path/2015-03-31/functions/arn:aws:lambda:eu-west-1:098982451613:function:tommyGreeterLamda/invocations",
                            "kms_key_arn": "",
                            "last_modified": "2019-01-14T11:11:46.183+0000",
                            "memory_size": "128",
                            "publish": "false",
                            "qualified_arn": "arn:aws:lambda:eu-west-1:098982451613:function:tommyGreeterLamda:$LATEST",
                            "reserved_concurrent_executions": "0",
                            "role": "arn:aws:iam::098982451613:role/tommyGreeterRole",
                            "runtime": "nodejs6.10",
                            "source_code_hash": "WHcgRwhw/tVuhtXHR9mRc7bF2NCvrjqxA2JAS73wxRE=",
                            "source_code_size": "490",
                            "tags.%": "0",
                            "timeout": "3",
                            "tracing_config.#": "1",
                            "tracing_config.0.mode": "PassThrough",
                            "version": "$LATEST",
                            "vpc_config.#": "0"
                        },
                        "meta": {
                            "e2bfb730-ecaa-11e6-8f88-34363bc7c4c0": {
                                "create": 600000000000
                            }
                        },
                        "tainted": false
                    },
                    "deposed": [],
                    "provider": "provider.aws"
                },
                "aws_lambda_permission.get-names-permissions": {
                    "type": "aws_lambda_permission",
                    "depends_on": [
                        "aws_lambda_function.get-all-names"
                    ],
                    "primary": {
                        "id": "AllowExecutionFromAPIGateway",
                        "attributes": {
                            "action": "lambda:InvokeFunction",
                            "function_name": "arn:aws:lambda:eu-west-1:098982451613:function:getAllNamesLambda",
                            "id": "AllowExecutionFromAPIGateway",
                            "principal": "apigateway.amazonaws.com",
                            "qualifier": "",
                            "statement_id": "AllowExecutionFromAPIGateway"
                        },
                        "meta": {},
                        "tainted": false
                    },
                    "deposed": [],
                    "provider": "provider.aws"
                },
                "aws_lambda_permission.greeter-permissions": {
                    "type": "aws_lambda_permission",
                    "depends_on": [
                        "aws_lambda_function.greeter-lambda"
                    ],
                    "primary": {
                        "id": "AllowExecutionFromAPIGateway",
                        "attributes": {
                            "action": "lambda:InvokeFunction",
                            "function_name": "arn:aws:lambda:eu-west-1:098982451613:function:tommyGreeterLamda",
                            "id": "AllowExecutionFromAPIGateway",
                            "principal": "apigateway.amazonaws.com",
                            "qualifier": "",
                            "statement_id": "AllowExecutionFromAPIGateway"
                        },
                        "meta": {},
                        "tainted": false
                    },
                    "deposed": [],
                    "provider": "provider.aws"
                },
                "data.archive_file.lambda": {
                    "type": "archive_file",
                    "depends_on": [],
                    "primary": {
                        "id": "a0cd0e3e68b64bef7e6728e41cdefe43604abfb0",
                        "attributes": {
                            "id": "a0cd0e3e68b64bef7e6728e41cdefe43604abfb0",
                            "output_base64sha256": "WHcgRwhw/tVuhtXHR9mRc7bF2NCvrjqxA2JAS73wxRE=",
                            "output_md5": "f4163a3c1e547a191760599540a27e3d",
                            "output_path": "lambda.zip",
                            "output_sha": "a0cd0e3e68b64bef7e6728e41cdefe43604abfb0",
                            "output_size": "490",
                            "source.#": "0",
                            "source_file": "lambda.js",
                            "type": "zip"
                        },
                        "meta": {},
                        "tainted": false
                    },
                    "deposed": [],
                    "provider": "provider.archive"
                },
                "data.aws_iam_policy_document.cloudwatch-log-group-lambda": {
                    "type": "aws_iam_policy_document",
                    "depends_on": [],
                    "primary": {
                        "id": "1951873016",
                        "attributes": {
                            "id": "1951873016",
                            "json": "{\n  \"Version\": \"2012-10-17\",\n  \"Statement\": [\n    {\n      \"Sid\": \"\",\n      \"Effect\": \"Allow\",\n      \"Action\": [\n        \"logs:PutLogEvents\",\n        \"logs:CreateLogStream\",\n        \"logs:CreateLogGroup\"\n      ],\n      \"Resource\": \"arn:aws:logs:::*\"\n    }\n  ]\n}",
                            "statement.#": "1",
                            "statement.0.actions.#": "3",
                            "statement.0.actions.2809485102": "logs:CreateLogGroup",
                            "statement.0.actions.3285979848": "logs:CreateLogStream",
                            "statement.0.actions.39743051": "logs:PutLogEvents",
                            "statement.0.condition.#": "0",
                            "statement.0.effect": "Allow",
                            "statement.0.not_actions.#": "0",
                            "statement.0.not_principals.#": "0",
                            "statement.0.not_resources.#": "0",
                            "statement.0.principals.#": "0",
                            "statement.0.resources.#": "1",
                            "statement.0.resources.3686811035": "arn:aws:logs:::*",
                            "statement.0.sid": "",
                            "version": "2012-10-17"
                        },
                        "meta": {},
                        "tainted": false
                    },
                    "deposed": [],
                    "provider": "provider.aws"
                },
                "data.aws_iam_policy_document.lambda-assume-role": {
                    "type": "aws_iam_policy_document",
                    "depends_on": [],
                    "primary": {
                        "id": "3693445097",
                        "attributes": {
                            "id": "3693445097",
                            "json": "{\n  \"Version\": \"2012-10-17\",\n  \"Statement\": [\n    {\n      \"Sid\": \"\",\n      \"Effect\": \"Allow\",\n      \"Action\": \"sts:AssumeRole\",\n      \"Principal\": {\n        \"Service\": \"lambda.amazonaws.com\"\n      }\n    }\n  ]\n}",
                            "statement.#": "1",
                            "statement.0.actions.#": "1",
                            "statement.0.actions.2528466339": "sts:AssumeRole",
                            "statement.0.condition.#": "0",
                            "statement.0.effect": "Allow",
                            "statement.0.not_actions.#": "0",
                            "statement.0.not_principals.#": "0",
                            "statement.0.not_resources.#": "0",
                            "statement.0.principals.#": "1",
                            "statement.0.principals.3118762561.identifiers.#": "1",
                            "statement.0.principals.3118762561.identifiers.2638019528": "lambda.amazonaws.com",
                            "statement.0.principals.3118762561.type": "Service",
                            "statement.0.resources.#": "0",
                            "statement.0.sid": "",
                            "version": "2012-10-17"
                        },
                        "meta": {},
                        "tainted": false
                    },
                    "deposed": [],
                    "provider": "provider.aws"
                }
            },
            "depends_on": []
        }
    ]
}
